// !$*UTF8*$!
{
	archiveVersion = 1;
	classes = {
	};
	objectVersion = 48;
	objects = {

/* Begin PBXBuildFile section */
		A1C1EA2C1FD6F6AA0069E1DA /* AppDelegate.m in Sources */ = {isa = PBXBuildFile; fileRef = A1C1EA2B1FD6F6AA0069E1DA /* AppDelegate.m */; };
		A1C1EA2F1FD6F6AA0069E1DA /* ViewController.m in Sources */ = {isa = PBXBuildFile; fileRef = A1C1EA2E1FD6F6AA0069E1DA /* ViewController.m */; };
		A1C1EA321FD6F6AA0069E1DA /* Main.storyboard in Resources */ = {isa = PBXBuildFile; fileRef = A1C1EA301FD6F6AA0069E1DA /* Main.storyboard */; };
		A1C1EA341FD6F6AA0069E1DA /* Assets.xcassets in Resources */ = {isa = PBXBuildFile; fileRef = A1C1EA331FD6F6AA0069E1DA /* Assets.xcassets */; };
		A1C1EA371FD6F6AA0069E1DA /* LaunchScreen.storyboard in Resources */ = {isa = PBXBuildFile; fileRef = A1C1EA351FD6F6AA0069E1DA /* LaunchScreen.storyboard */; };
		A1C1EA3A1FD6F6AB0069E1DA /* main.m in Sources */ = {isa = PBXBuildFile; fileRef = A1C1EA391FD6F6AB0069E1DA /* main.m */; };
		A1C1EA431FD6F6D70069E1DA /* XBSplitDataSource.m in Sources */ = {isa = PBXBuildFile; fileRef = A1C1EA421FD6F6D70069E1DA /* XBSplitDataSource.m */; };
		A1C1EA461FD6FAAB0069E1DA /* TableViewController.m in Sources */ = {isa = PBXBuildFile; fileRef = A1C1EA451FD6FAAB0069E1DA /* TableViewController.m */; };
		A1C1EA4A1FD6FBAE0069E1DA /* TableViewCell.m in Sources */ = {isa = PBXBuildFile; fileRef = A1C1EA481FD6FBAE0069E1DA /* TableViewCell.m */; };
		A1C1EA4B1FD6FBAE0069E1DA /* TableViewCell.xib in Resources */ = {isa = PBXBuildFile; fileRef = A1C1EA491FD6FBAE0069E1DA /* TableViewCell.xib */; };
/* End PBXBuildFile section */

/* Begin PBXFileReference section */
		A1C1EA271FD6F6AA0069E1DA /* SplitDataSource.app */ = {isa = PBXFileReference; explicitFileType = wrapper.application; includeInIndex = 0; path = SplitDataSource.app; sourceTree = BUILT_PRODUCTS_DIR; };
		A1C1EA2A1FD6F6AA0069E1DA /* AppDelegate.h */ = {isa = PBXFileReference; lastKnownFileType = sourcecode.c.h; path = AppDelegate.h; sourceTree = "<group>"; };
		A1C1EA2B1FD6F6AA0069E1DA /* AppDelegate.m */ = {isa = PBXFileReference; lastKnownFileType = sourcecode.c.objc; path = AppDelegate.m; sourceTree = "<group>"; };
		A1C1EA2D1FD6F6AA0069E1DA /* ViewController.h */ = {isa = PBXFileReference; lastKnownFileType = sourcecode.c.h; path = ViewController.h; sourceTree = "<group>"; };
		A1C1EA2E1FD6F6AA0069E1DA /* ViewController.m */ = {isa = PBXFileReference; lastKnownFileType = sourcecode.c.objc; path = ViewController.m; sourceTree = "<group>"; };
		A1C1EA311FD6F6AA0069E1DA /* Base */ = {isa = PBXFileReference; lastKnownFileType = file.storyboard; name = Base; path = Base.lproj/Main.storyboard; sourceTree = "<group>"; };
		A1C1EA331FD6F6AA0069E1DA /* Assets.xcassets */ = {isa = PBXFileReference; lastKnownFileType = folder.assetcatalog; path = Assets.xcassets; sourceTree = "<group>"; };
		A1C1EA361FD6F6AA0069E1DA /* Base */ = {isa = PBXFileReference; lastKnownFileType = file.storyboard; name = Base; path = Base.lproj/LaunchScreen.storyboard; sourceTree = "<group>"; };
		A1C1EA381FD6F6AA0069E1DA /* Info.plist */ = {isa = PBXFileReference; lastKnownFileType = text.plist.xml; path = Info.plist; sourceTree = "<group>"; };
		A1C1EA391FD6F6AB0069E1DA /* main.m */ = {isa = PBXFileReference; lastKnownFileType = sourcecode.c.objc; path = main.m; sourceTree = "<group>"; };
		A1C1EA411FD6F6D70069E1DA /* XBSplitDataSource.h */ = {isa = PBXFileReference; lastKnownFileType = sourcecode.c.h; path = XBSplitDataSource.h; sourceTree = "<group>"; };
		A1C1EA421FD6F6D70069E1DA /* XBSplitDataSource.m */ = {isa = PBXFileReference; lastKnownFileType = sourcecode.c.objc; path = XBSplitDataSource.m; sourceTree = "<group>"; };
		A1C1EA441FD6FAAB0069E1DA /* TableViewController.h */ = {isa = PBXFileReference; lastKnownFileType = sourcecode.c.h; path = TableViewController.h; sourceTree = "<group>"; };
		A1C1EA451FD6FAAB0069E1DA /* TableViewController.m */ = {isa = PBXFileReference; lastKnownFileType = sourcecode.c.objc; path = TableViewController.m; sourceTree = "<group>"; };
		A1C1EA471FD6FBAE0069E1DA /* TableViewCell.h */ = {isa = PBXFileReference; lastKnownFileType = sourcecode.c.h; path = TableViewCell.h; sourceTree = "<group>"; };
		A1C1EA481FD6FBAE0069E1DA /* TableViewCell.m */ = {isa = PBXFileReference; lastKnownFileType = sourcecode.c.objc; path = TableViewCell.m; sourceTree = "<group>"; };
		A1C1EA491FD6FBAE0069E1DA /* TableViewCell.xib */ = {isa = PBXFileReference; lastKnownFileType = file.xib; path = TableViewCell.xib; sourceTree = "<group>"; };
/* End PBXFileReference section */

/* Begin PBXFrameworksBuildPhase section */
		A1C1EA241FD6F6AA0069E1DA /* Frameworks */ = {
			isa = PBXFrameworksBuildPhase;
			buildActionMask = 2147483647;
			files = (
			);
			runOnlyForDeploymentPostprocessing = 0;
		};
/* End PBXFrameworksBuildPhase section */

/* Begin PBXGroup section */
		A1C1EA1E1FD6F6AA0069E1DA = {
			isa = PBXGroup;
			children = (
				A1C1EA291FD6F6AA0069E1DA /* SplitDataSource */,
				A1C1EA281FD6F6AA0069E1DA /* Products */,
			);
			sourceTree = "<group>";
		};
		A1C1EA281FD6F6AA0069E1DA /* Products */ = {
			isa = PBXGroup;
			children = (
				A1C1EA271FD6F6AA0069E1DA /* SplitDataSource.app */,
			);
			name = Products;
			sourceTree = "<group>";
		};
		A1C1EA291FD6F6AA0069E1DA /* SplitDataSource */ = {
			isa = PBXGroup;
			children = (
				A1C1EA401FD6F6C20069E1DA /* DataSource */,
				A1C1EA2A1FD6F6AA0069E1DA /* AppDelegate.h */,
				A1C1EA2B1FD6F6AA0069E1DA /* AppDelegate.m */,
				A1C1EA2D1FD6F6AA0069E1DA /* ViewController.h */,
				A1C1EA2E1FD6F6AA0069E1DA /* ViewController.m */,
				A1C1EA441FD6FAAB0069E1DA /* TableViewController.h */,
				A1C1EA451FD6FAAB0069E1DA /* TableViewController.m */,
				A1C1EA471FD6FBAE0069E1DA /* TableViewCell.h */,
				A1C1EA481FD6FBAE0069E1DA /* TableViewCell.m */,
				A1C1EA491FD6FBAE0069E1DA /* TableViewCell.xib */,
				A1C1EA301FD6F6AA0069E1DA /* Main.storyboard */,
				A1C1EA331FD6F6AA0069E1DA /* Assets.xcassets */,
				A1C1EA351FD6F6AA0069E1DA /* LaunchScreen.storyboard */,
				A1C1EA381FD6F6AA0069E1DA /* Info.plist */,
				A1C1EA391FD6F6AB0069E1DA /* main.m */,
			);
			path = SplitDataSource;
			sourceTree = "<group>";
		};
		A1C1EA401FD6F6C20069E1DA /* DataSource */ = {
			isa = PBXGroup;
			children = (
				A1C1EA411FD6F6D70069E1DA /* XBSplitDataSource.h */,
				A1C1EA421FD6F6D70069E1DA /* XBSplitDataSource.m */,
			);
			path = DataSource;
			sourceTree = "<group>";
		};
/* End PBXGroup section */

/* Begin PBXNativeTarget section */
		A1C1EA261FD6F6AA0069E1DA /* SplitDataSource */ = {
			isa = PBXNativeTarget;
			buildConfigurationList = A1C1EA3D1FD6F6AB0069E1DA /* Build configuration list for PBXNativeTarget "SplitDataSource" */;
			buildPhases = (
				A1C1EA231FD6F6AA0069E1DA /* Sources */,
				A1C1EA241FD6F6AA0069E1DA /* Frameworks */,
				A1C1EA251FD6F6AA0069E1DA /* Resources */,
			);
			buildRules = (
			);
			dependencies = (
			);
			name = SplitDataSource;
			productName = SplitDataSource;
			productReference = A1C1EA271FD6F6AA0069E1DA /* SplitDataSource.app */;
			productType = "com.apple.product-type.application";
		};
/* End PBXNativeTarget section */

/* Begin PBXProject section */
		A1C1EA1F1FD6F6AA0069E1DA /* Project object */ = {
			isa = PBXProject;
			attributes = {
				LastUpgradeCheck = 0910;
				ORGANIZATIONNAME = jelly;
				TargetAttributes = {
					A1C1EA261FD6F6AA0069E1DA = {
						CreatedOnToolsVersion = 9.1;
						ProvisioningStyle = Automatic;
					};
				};
			};
			buildConfigurationList = A1C1EA221FD6F6AA0069E1DA /* Build configuration list for PBXProject "SplitDataSource" */;
			compatibilityVersion = "Xcode 8.0";
			developmentRegion = en;
			hasScannedForEncodings = 0;
			knownRegions = (
				en,
				Base,
			);
			mainGroup = A1C1EA1E1FD6F6AA0069E1DA;
			productRefGroup = A1C1EA281FD6F6AA0069E1DA /* Products */;
			projectDirPath = "";
			projectRoot = "";
			targets = (
				A1C1EA261FD6F6AA0069E1DA /* SplitDataSource */,
			);
		};
/* End PBXProject section */

/* Begin PBXResourcesBuildPhase section */
		A1C1EA251FD6F6AA0069E1DA /* Resources */ = {
			isa = PBXResourcesBuildPhase;
			buildActionMask = 2147483647;
			files = (
				A1C1EA371FD6F6AA0069E1DA /* LaunchScreen.storyboard in Resources */,
				A1C1EA4B1FD6FBAE0069E1DA /* TableViewCell.xib in Resources */,
				A1C1EA341FD6F6AA0069E1DA /* Assets.xcassets in Resources */,
				A1C1EA321FD6F6AA0069E1DA /* Main.storyboard in Resources */,
			);
			runOnlyForDeploymentPostprocessing = 0;
		};
/* End PBXResourcesBuildPhase section */

/* Begin PBXSourcesBuildPhase section */
		A1C1EA231FD6F6AA0069E1DA /* Sources */ = {
			isa = PBXSourcesBuildPhase;
			buildActionMask = 2147483647;
			files = (
				A1C1EA2F1FD6F6AA0069E1DA /* ViewController.m in Sources */,
				A1C1EA4A1FD6FBAE0069E1DA /* TableViewCell.m in Sources */,
				A1C1EA3A1FD6F6AB0069E1DA /* main.m in Sources */,
				A1C1EA2C1FD6F6AA0069E1DA /* AppDelegate.m in Sources */,
				A1C1EA461FD6FAAB0069E1DA /* TableViewController.m in Sources */,
				A1C1EA431FD6F6D70069E1DA /* XBSplitDataSource.m in Sources */,
			);
			runOnlyForDeploymentPostprocessing = 0;
		};
/* End PBXSourcesBuildPhase section */

/* Begin PBXVariantGroup section */
		A1C1EA301FD6F6AA0069E1DA /* Main.storyboard */ = {
			isa = PBXVariantGroup;
			children = (
				A1C1EA311FD6F6AA0069E1DA /* Base */,
			);
			name = Main.storyboard;
			sourceTree = "<group>";
		};
		A1C1EA351FD6F6AA0069E1DA /* LaunchScreen.storyboard */ = {
			isa = PBXVariantGroup;
			children = (
				A1C1EA361FD6F6AA0069E1DA /* Base */,
			);
			name = LaunchScreen.storyboard;
			sourceTree = "<group>";
		};
/* End PBXVariantGroup section */

/* Begin XCBuildConfiguration section */
		A1C1EA3B1FD6F6AB0069E1DA /* Debug */ = {
			isa = XCBuildConfiguration;
			buildSettings = {
				ALWAYS_SEARCH_USER_PATHS = NO;
				CLANG_ANALYZER_NONNULL = YES;
				CLANG_ANALYZER_NUMBER_OBJECT_CONVERSION = YES_AGGRESSIVE;
				CLANG_CXX_LANGUAGE_STANDARD = "gnu++14";
				CLANG_CXX_LIBRARY = "libc++";
				CLANG_ENABLE_MODULES = YES;
				CLANG_ENABLE_OBJC_ARC = YES;
				CLANG_WARN_BLOCK_CAPTURE_AUTORELEASING = YES;
				CLANG_WARN_BOOL_CONVERSION = YES;
				CLANG_WARN_COMMA = YES;
				CLANG_WARN_CONSTANT_CONVERSION = YES;
				CLANG_WARN_DIRECT_OBJC_ISA_USAGE = YES_ERROR;
				CLANG_WARN_DOCUMENTATION_COMMENTS = YES;
				CLANG_WARN_EMPTY_BODY = YES;
				CLANG_WARN_ENUM_CONVERSION = YES;
				CLANG_WARN_INFINITE_RECURSION = YES;
				CLANG_WARN_INT_CONVERSION = YES;
				CLANG_WARN_NON_LITERAL_NULL_CONVERSION = YES;
				CLANG_WARN_OBJC_LITERAL_CONVERSION = YES;
				CLANG_WARN_OBJC_ROOT_CLASS = YES_ERROR;
				CLANG_WARN_RANGE_LOOP_ANALYSIS = YES;
				CLANG_WARN_STRICT_PROTOTYPES = YES;
				CLANG_WARN_SUSPICIOUS_MOVE = YES;
				CLANG_WARN_UNGUARDED_AVAILABILITY = YES_AGGRESSIVE;
				CLANG_WARN_UNREACHABLE_CODE = YES;
				CLANG_WARN__DUPLICATE_METHOD_MATCH = YES;
				CODE_SIGN_IDENTITY = "iPhone Developer";
				COPY_PHASE_STRIP = NO;
				DEBUG_INFORMATION_FORMAT = dwarf;
				ENABLE_STRICT_OBJC_MSGSEND = YES;
				ENABLE_TESTABILITY = YES;
				GCC_C_LANGUAGE_STANDARD = gnu11;
				GCC_DYNAMIC_NO_PIC = NO;
				GCC_NO_COMMON_BLOCKS = YES;
				GCC_OPTIMIZATION_LEVEL = 0;
				GCC_PREPROCESSOR_DEFINITIONS = (
					"DEBUG=1",
					"$(inherited)",
				);
				GCC_WARN_64_TO_32_BIT_CONVERSION = YES;
				GCC_WARN_ABOUT_RETURN_TYPE = YES_ERROR;
				GCC_WARN_UNDECLARED_SELECTOR = YES;
				GCC_WARN_UNINITIALIZED_AUTOS = YES_AGGRESSIVE;
				GCC_WARN_UNUSED_FUNCTION = YES;
				GCC_WARN_UNUSED_VARIABLE = YES;
				IPHONEOS_DEPLOYMENT_TARGET = 11.1;
				MTL_ENABLE_DEBUG_INFO = YES;
				ONLY_ACTIVE_ARCH = YES;
				SDKROOT = iphoneos;
			};
			name = Debug;
		};
		A1C1EA3C1FD6F6AB0069E1DA /* Release */ = {
			isa = XCBuildConfiguration;
			buildSettings = {
				ALWAYS_SEARCH_USER_PATHS = NO;
				CLANG_ANALYZER_NONNULL = YES;
				CLANG_ANALYZER_NUMBER_OBJECT_CONVERSION = YES_AGGRESSIVE;
				CLANG_CXX_LANGUAGE_STANDARD = "gnu++14";
				CLANG_CXX_LIBRARY = "libc++";
				CLANG_ENABLE_MODULES = YES;
				CLANG_ENABLE_OBJC_ARC = YES;
				CLANG_WARN_BLOCK_CAPTURE_AUTORELEASING = YES;
				CLANG_WARN_BOOL_CONVERSION = YES;
				CLANG_WARN_COMMA = YES;
				CLANG_WARN_CONSTANT_CONVERSION = YES;
				CLANG_WARN_DIRECT_OBJC_ISA_USAGE = YES_ERROR;
				CLANG_WARN_DOCUMENTATION_COMMENTS = YES;
				CLANG_WARN_EMPTY_BODY = YES;
				CLANG_WARN_ENUM_CONVERSION = YES;
				CLANG_WARN_INFINITE_RECURSION = YES;
				CLANG_WARN_INT_CONVERSION = YES;
				CLANG_WARN_NON_LITERAL_NULL_CONVERSION = YES;
				CLANG_WARN_OBJC_LITERAL_CONVERSION = YES;
				CLANG_WARN_OBJC_ROOT_CLASS = YES_ERROR;
				CLANG_WARN_RANGE_LOOP_ANALYSIS = YES;
				CLANG_WARN_STRICT_PROTOTYPES = YES;
				CLANG_WARN_SUSPICIOUS_MOVE = YES;
				CLANG_WARN_UNGUARDED_AVAILABILITY = YES_AGGRESSIVE;
				CLANG_WARN_UNREACHABLE_CODE = YES;
				CLANG_WARN__DUPLICATE_METHOD_MATCH = YES;
				CODE_SIGN_IDENTITY = "iPhone Developer";
				COPY_PHASE_STRIP = NO;
				DEBUG_INFORMATION_FORMAT = "dwarf-with-dsym";
				ENABLE_NS_ASSERTIONS = NO;
				ENABLE_STRICT_OBJC_MSGSEND = YES;
				GCC_C_LANGUAGE_STANDARD = gnu11;
				GCC_NO_COMMON_BLOCKS = YES;
				GCC_WARN_64_TO_32_BIT_CONVERSION = YES;
				GCC_WARN_ABOUT_RETURN_TYPE = YES_ERROR;
				GCC_WARN_UNDECLARED_SELECTOR = YES;
				GCC_WARN_UNINITIALIZED_AUTOS = YES_AGGRESSIVE;
				GCC_WARN_UNUSED_FUNCTION = YES;
				GCC_WARN_UNUSED_VARIABLE = YES;
				IPHONEOS_DEPLOYMENT_TARGET = 11.1;
				MTL_ENABLE_DEBUG_INFO = NO;
				SDKROOT = iphoneos;
				VALIDATE_PRODUCT = YES;
			};
			name = Release;
		};
		A1C1EA3E1FD6F6AB0069E1DA /* Debug */ = {
			isa = XCBuildConfiguration;
			buildSettings = {
				ASSETCATALOG_COMPILER_APPICON_NAME = AppIcon;
				CODE_SIGN_STYLE = Automatic;
				INFOPLIST_FILE = SplitDataSource/Info.plist;
				LD_RUNPATH_SEARCH_PATHS = "$(inherited) @executable_path/Frameworks";
				PRODUCT_BUNDLE_IDENTIFIER = com.jelly.fire.SplitDataSource;
				PRODUCT_NAME = "$(TARGET_NAME)";
				TARGETED_DEVICE_FAMILY = "1,2";
			};
			name = Debug;
		};
		A1C1EA3F1FD6F6AB0069E1DA /* Release */ = {
			isa = XCBuildConfiguration;
			buildSettings = {
				ASSETCATALOG_COMPILER_APPICON_NAME = AppIcon;
				CODE_SIGN_STYLE = Automatic;
				INFOPLIST_FILE = SplitDataSource/Info.plist;
				LD_RUNPATH_SEARCH_PATHS = "$(inherited) @executable_path/Frameworks";
				PRODUCT_BUNDLE_IDENTIFIER = com.jelly.fire.SplitDataSource;
				PRODUCT_NAME = "$(TARGET_NAME)";
				TARGETED_DEVICE_FAMILY = "1,2";
			};
			name = Release;
		};
/* End XCBuildConfiguration section */

/* Begin XCConfigurationList section */
		A1C1EA221FD6F6AA0069E1DA /* Build configuration list for PBXProject "SplitDataSource" */ = {
			isa = XCConfigurationList;
			buildConfigurations = (
				A1C1EA3B1FD6F6AB0069E1DA /* Debug */,
				A1C1EA3C1FD6F6AB0069E1DA /* Release */,
			);
			defaultConfigurationIsVisible = 0;
			defaultConfigurationName = Release;
		};
		A1C1EA3D1FD6F6AB0069E1DA /* Build configuration list for PBXNativeTarget "SplitDataSource" */ = {
			isa = XCConfigurationList;
			buildConfigurations = (
				A1C1EA3E1FD6F6AB0069E1DA /* Debug */,
				A1C1EA3F1FD6F6AB0069E1DA /* Release */,
			);
			defaultConfigurationIsVisible = 0;
			defaultConfigurationName = Release;
		};
/* End XCConfigurationList section */
	};
	rootObject = A1C1EA1F1FD6F6AA0069E1DA /* Project object */;
}
